
Microsoft Visual Studio Solution File, Format Version 12.00
# Visual Studio Version 16
VisualStudioVersion = 16.0.29806.167
MinimumVisualStudioVersion = 10.0.40219.1
Project("{2150E333-8FDC-42A3-9474-1A3956D46DE8}") = "src", "src", "{AFAA0841-BD93-466F-B8F4-FB4EEC86F1FC}"
EndProject
Project("{2150E333-8FDC-42A3-9474-1A3956D46DE8}") = "test", "test", "{F10AA149-2626-486E-85BB-9CD5365F3016}"
EndProject
Project("{9A19103F-16F7-4668-BE54-9A1E7A4F7556}") = "Plexform.Web.Host", "src\Plexform.Web.Host\Plexform.Web.Host.csproj", "{9FC37C62-2105-4D32-9724-7323B959504B}"
EndProject
Project("{9A19103F-16F7-4668-BE54-9A1E7A4F7556}") = "Plexform.EntityFrameworkCore", "src\Plexform.EntityFrameworkCore\Plexform.EntityFrameworkCore.csproj", "{A229F7D5-EE83-462E-8642-E9A2D5EA90FE}"
EndProject
Project("{2150E333-8FDC-42A3-9474-1A3956D46DE8}") = "Solution Items", "Solution Items", "{D04D9608-9CEB-4E0A-B548-410F7475E9F1}"
	ProjectSection(SolutionItems) = preProject
		common.props = common.props
		..\..\Library\Shared\LOGIC.Repo\LOGIC.Repo.csproj = ..\..\Library\Shared\LOGIC.Repo\LOGIC.Repo.csproj
	EndProjectSection
EndProject
Project("{9A19103F-16F7-4668-BE54-9A1E7A4F7556}") = "Plexform.Logic", "src\Plexform.Logic\Plexform.Logic.csproj", "{BFBB4C51-14DA-4E81-B47D-2BD65FD7B358}"
EndProject
Project("{2150E333-8FDC-42A3-9474-1A3956D46DE8}") = "base", "base", "{1DEEB561-F31A-4E56-A2AE-1450DB3BFEA6}"
EndProject
Project("{2150E333-8FDC-42A3-9474-1A3956D46DE8}") = "dto", "dto", "{E99DE7A2-6882-4906-A830-E016DED7256D}"
EndProject
Project("{9A19103F-16F7-4668-BE54-9A1E7A4F7556}") = "Plexform.Base.Accounting", "..\plexform-accounting\Plexform.Base.Accounting\Plexform.Base.Accounting.csproj", "{AEB76710-B5D3-4E82-8774-ABD072476DE4}"
EndProject
Project("{9A19103F-16F7-4668-BE54-9A1E7A4F7556}") = "Plexform.Base.Clobid", "..\plexform-clobid\Plexform.Base.Clobid\Plexform.Base.Clobid.csproj", "{640BDB4F-4FB8-4E23-BD65-B18EA9561ECB}"
EndProject
Project("{9A19103F-16F7-4668-BE54-9A1E7A4F7556}") = "Plexform.Base.Core", "..\plexform-core\Plexform.Base.Core\Plexform.Base.Core.csproj", "{2DECC8A0-98D9-4B21-91B0-D20BAA3F4439}"
EndProject
Project("{9A19103F-16F7-4668-BE54-9A1E7A4F7556}") = "Plexform.DTO.Accounting", "..\plexform-accounting\Plexform.DTO.Accounting\Plexform.DTO.Accounting.csproj", "{F7A0A3E7-C2BF-4F01-979B-49B6ADB1E45D}"
EndProject
Project("{9A19103F-16F7-4668-BE54-9A1E7A4F7556}") = "Plexform.DTO.Clobid", "..\plexform-clobid\Plexform.DTO.Clobid\Plexform.DTO.Clobid.csproj", "{C42678F8-2481-4C4F-A743-97A3965F9D91}"
EndProject
Project("{9A19103F-16F7-4668-BE54-9A1E7A4F7556}") = "Plexform.DTO", "..\plexform-core\Plexform.DTO\Plexform.DTO.csproj", "{6B8D499E-F066-4BD0-8CDA-230FC7C9E61D}"
EndProject
Project("{9A19103F-16F7-4668-BE54-9A1E7A4F7556}") = "Plexform.DTO.Core", "..\plexform-core\Plexform.DTO.Core\Plexform.DTO.Core.csproj", "{44840688-9CC2-41FC-B63F-D1DAB6E10F6B}"
EndProject
Project("{9A19103F-16F7-4668-BE54-9A1E7A4F7556}") = "Plexform.DTO.Campaign", "..\plexform-core\Plexform.DTO.Campaign\Plexform.DTO.Campaign.csproj", "{F18DD78F-0415-4EB5-A789-0EFE21DEFAA8}"
EndProject
Project("{9A19103F-16F7-4668-BE54-9A1E7A4F7556}") = "Plexform.Web.Core", "..\plexform-zero\aspnet-core\src\Plexform.Web.Core\Plexform.Web.Core.csproj", "{1F2026B3-9255-42A9-9317-9AE417527358}"
EndProject
Project("{9A19103F-16F7-4668-BE54-9A1E7A4F7556}") = "Plexform.Application", "..\plexform-zero\aspnet-core\src\Plexform.Application\Plexform.Application.csproj", "{AA866973-8FC3-459C-A942-CF907F17621D}"
EndProject
Project("{9A19103F-16F7-4668-BE54-9A1E7A4F7556}") = "Plexform.Application.Shared", "..\plexform-zero\aspnet-core\src\Plexform.Application.Shared\Plexform.Application.Shared.csproj", "{6BD4E385-5593-44E6-BB8F-76038E021CEA}"
EndProject
Project("{9A19103F-16F7-4668-BE54-9A1E7A4F7556}") = "Plexform.Core", "..\plexform-zero\aspnet-core\src\Plexform.Core\Plexform.Core.csproj", "{A3485A2B-B778-4459-B1BA-F59704BB0A7D}"
EndProject
Project("{9A19103F-16F7-4668-BE54-9A1E7A4F7556}") = "Plexform.Core.Shared", "..\plexform-zero\aspnet-core\src\Plexform.Core.Shared\Plexform.Core.Shared.csproj", "{D840AB39-736C-439B-B2B5-AAB69B40D068}"
EndProject
Project("{9A19103F-16F7-4668-BE54-9A1E7A4F7556}") = "Plexform.GraphQL", "..\plexform-zero\aspnet-core\src\Plexform.GraphQL\Plexform.GraphQL.csproj", "{C79B7B6F-9984-43F5-BACB-CFFB98E188D5}"
EndProject
Project("{9A19103F-16F7-4668-BE54-9A1E7A4F7556}") = "Plexform.Migrator", "..\plexform-zero\aspnet-core\src\Plexform.Migrator\Plexform.Migrator.csproj", "{2F270806-E5B8-486C-9396-5D41ACDD513D}"
EndProject
Project("{9A19103F-16F7-4668-BE54-9A1E7A4F7556}") = "Plexform.Web.Public", "..\plexform-zero\aspnet-core\src\Plexform.Web.Public\Plexform.Web.Public.csproj", "{5A976857-E4DD-4642-B0B5-1FB8B8AC15A9}"
EndProject
Project("{9A19103F-16F7-4668-BE54-9A1E7A4F7556}") = "Plexform.ConsoleApiClient", "..\plexform-zero\aspnet-core\test\Plexform.ConsoleApiClient\Plexform.ConsoleApiClient.csproj", "{59F78719-73AD-423D-9579-D972C9C63D6F}"
EndProject
Project("{9A19103F-16F7-4668-BE54-9A1E7A4F7556}") = "Plexform.GraphQL.Tests", "..\plexform-zero\aspnet-core\test\Plexform.GraphQL.Tests\Plexform.GraphQL.Tests.csproj", "{EC76DA80-F99C-4B3C-86E9-AD693F0C0991}"
EndProject
Project("{9A19103F-16F7-4668-BE54-9A1E7A4F7556}") = "Plexform.Test.Base", "..\plexform-zero\aspnet-core\test\Plexform.Test.Base\Plexform.Test.Base.csproj", "{650AB3EE-EFF9-41E1-AB4F-3C91B9E49C30}"
EndProject
Project("{9A19103F-16F7-4668-BE54-9A1E7A4F7556}") = "Plexform.Tests", "..\plexform-zero\aspnet-core\test\Plexform.Tests\Plexform.Tests.csproj", "{75E80AE1-F7E6-47AC-BF99-18398EC859D7}"
EndProject
Project("{9A19103F-16F7-4668-BE54-9A1E7A4F7556}") = "Plexform.DTO.Inventory", "..\plexform-core\Plexform.DTO.Inventory\Plexform.DTO.Inventory.csproj", "{8BA9AE7B-F11B-4B74-A7A8-A41AE931EBBB}"
EndProject
Project("{2150E333-8FDC-42A3-9474-1A3956D46DE8}") = "agora", "agora", "{BB524C8C-1486-46D4-9D9A-C45A6AD08780}"
EndProject
Project("{9A19103F-16F7-4668-BE54-9A1E7A4F7556}") = "ANEO.Base.P2P", "..\ANEO-p2p\ANEO.Base.P2P\ANEO.Base.P2P.csproj", "{D4AB357D-33D3-4351-ACD9-A7E127A87327}"
EndProject
Project("{9A19103F-16F7-4668-BE54-9A1E7A4F7556}") = "ANEO.DTO.P2P", "..\ANEO-p2p\ANEO.DTO.P2P\ANEO.DTO.P2P.csproj", "{8A43AEF3-E22F-4C37-91C2-16AC16BADE27}"
EndProject
Project("{778DAE3C-4631-46EA-AA77-85C1314464D9}") = "AgoraNEO", "..\AgoraNEO\AgoraNEO.vbproj", "{2BCFF0DB-CCA2-4465-95B3-BDF6EAAD7F5F}"
EndProject
Project("{9A19103F-16F7-4668-BE54-9A1E7A4F7556}") = "Plexform.Base.CrossmarQ", "..\plexform-crossmarq\Plexform.Base.CrossmarQ\Plexform.Base.CrossmarQ.csproj", "{4A08D87A-5D82-4FC9-B468-9379869B4ABE}"
EndProject
Project("{9A19103F-16F7-4668-BE54-9A1E7A4F7556}") = "Plexform.DTO.CrossmarQ", "..\plexform-crossmarq\Plexform.DTO.CrossmarQ\Plexform.DTO.CrossmarQ.csproj", "{F6769252-BD4C-4C15-AF70-582659664CE1}"
EndProject
Project("{9A19103F-16F7-4668-BE54-9A1E7A4F7556}") = "Plexform.Base.Inventory", "..\plexform-inventory\Plexform.Base.Inventory\Plexform.Base.Inventory.csproj", "{EBEBA8E3-34EE-4F74-A9DB-204A3C1BA021}"
EndProject
Project("{2150E333-8FDC-42A3-9474-1A3956D46DE8}") = "lims", "lims", "{560263DC-FC9C-4F1F-9442-1EDA48DD061B}"
EndProject
Project("{778DAE3C-4631-46EA-AA77-85C1314464D9}") = "limsNEO", "..\limsNEO\limsNEO.vbproj", "{B399CB9B-AD1A-405F-B794-0400C901472A}"
EndProject
Project("{9A19103F-16F7-4668-BE54-9A1E7A4F7556}") = "LIMS.Base", "..\limsNEO.base\ClassLibrary1\LIMS.Base.csproj", "{4FFE0F33-F4C2-4AD1-A841-9DB74EB951D0}"
	ProjectSection(ProjectDependencies) = postProject
		{2DECC8A0-98D9-4B21-91B0-D20BAA3F4439} = {2DECC8A0-98D9-4B21-91B0-D20BAA3F4439}
	EndProjectSection
EndProject
Global
	GlobalSection(SolutionConfigurationPlatforms) = preSolution
		Debug|Any CPU = Debug|Any CPU
		Release|Any CPU = Release|Any CPU
	EndGlobalSection
	GlobalSection(ProjectConfigurationPlatforms) = postSolution
		{9FC37C62-2105-4D32-9724-7323B959504B}.Debug|Any CPU.ActiveCfg = Debug|Any CPU
		{9FC37C62-2105-4D32-9724-7323B959504B}.Debug|Any CPU.Build.0 = Debug|Any CPU
		{9FC37C62-2105-4D32-9724-7323B959504B}.Release|Any CPU.ActiveCfg = Release|Any CPU
		{9FC37C62-2105-4D32-9724-7323B959504B}.Release|Any CPU.Build.0 = Release|Any CPU
		{A229F7D5-EE83-462E-8642-E9A2D5EA90FE}.Debug|Any CPU.ActiveCfg = Debug|Any CPU
		{A229F7D5-EE83-462E-8642-E9A2D5EA90FE}.Debug|Any CPU.Build.0 = Debug|Any CPU
		{A229F7D5-EE83-462E-8642-E9A2D5EA90FE}.Release|Any CPU.ActiveCfg = Release|Any CPU
		{A229F7D5-EE83-462E-8642-E9A2D5EA90FE}.Release|Any CPU.Build.0 = Release|Any CPU
		{BFBB4C51-14DA-4E81-B47D-2BD65FD7B358}.Debug|Any CPU.ActiveCfg = Debug|Any CPU
		{BFBB4C51-14DA-4E81-B47D-2BD65FD7B358}.Debug|Any CPU.Build.0 = Debug|Any CPU
		{BFBB4C51-14DA-4E81-B47D-2BD65FD7B358}.Release|Any CPU.ActiveCfg = Release|Any CPU
		{BFBB4C51-14DA-4E81-B47D-2BD65FD7B358}.Release|Any CPU.Build.0 = Release|Any CPU
		{AEB76710-B5D3-4E82-8774-ABD072476DE4}.Debug|Any CPU.ActiveCfg = Debug|Any CPU
		{AEB76710-B5D3-4E82-8774-ABD072476DE4}.Debug|Any CPU.Build.0 = Debug|Any CPU
		{AEB76710-B5D3-4E82-8774-ABD072476DE4}.Release|Any CPU.ActiveCfg = Release|Any CPU
		{AEB76710-B5D3-4E82-8774-ABD072476DE4}.Release|Any CPU.Build.0 = Release|Any CPU
		{640BDB4F-4FB8-4E23-BD65-B18EA9561ECB}.Debug|Any CPU.ActiveCfg = Debug|Any CPU
		{640BDB4F-4FB8-4E23-BD65-B18EA9561ECB}.Debug|Any CPU.Build.0 = Debug|Any CPU
		{640BDB4F-4FB8-4E23-BD65-B18EA9561ECB}.Release|Any CPU.ActiveCfg = Release|Any CPU
		{640BDB4F-4FB8-4E23-BD65-B18EA9561ECB}.Release|Any CPU.Build.0 = Release|Any CPU
		{2DECC8A0-98D9-4B21-91B0-D20BAA3F4439}.Debug|Any CPU.ActiveCfg = Debug|Any CPU
		{2DECC8A0-98D9-4B21-91B0-D20BAA3F4439}.Debug|Any CPU.Build.0 = Debug|Any CPU
		{2DECC8A0-98D9-4B21-91B0-D20BAA3F4439}.Release|Any CPU.ActiveCfg = Release|Any CPU
		{2DECC8A0-98D9-4B21-91B0-D20BAA3F4439}.Release|Any CPU.Build.0 = Release|Any CPU
		{F7A0A3E7-C2BF-4F01-979B-49B6ADB1E45D}.Debug|Any CPU.ActiveCfg = Debug|Any CPU
		{F7A0A3E7-C2BF-4F01-979B-49B6ADB1E45D}.Debug|Any CPU.Build.0 = Debug|Any CPU
		{F7A0A3E7-C2BF-4F01-979B-49B6ADB1E45D}.Release|Any CPU.ActiveCfg = Release|Any CPU
		{F7A0A3E7-C2BF-4F01-979B-49B6ADB1E45D}.Release|Any CPU.Build.0 = Release|Any CPU
		{C42678F8-2481-4C4F-A743-97A3965F9D91}.Debug|Any CPU.ActiveCfg = Debug|Any CPU
		{C42678F8-2481-4C4F-A743-97A3965F9D91}.Debug|Any CPU.Build.0 = Debug|Any CPU
		{C42678F8-2481-4C4F-A743-97A3965F9D91}.Release|Any CPU.ActiveCfg = Release|Any CPU
		{C42678F8-2481-4C4F-A743-97A3965F9D91}.Release|Any CPU.Build.0 = Release|Any CPU
		{6B8D499E-F066-4BD0-8CDA-230FC7C9E61D}.Debug|Any CPU.ActiveCfg = Debug|Any CPU
		{6B8D499E-F066-4BD0-8CDA-230FC7C9E61D}.Debug|Any CPU.Build.0 = Debug|Any CPU
		{6B8D499E-F066-4BD0-8CDA-230FC7C9E61D}.Release|Any CPU.ActiveCfg = Release|Any CPU
		{6B8D499E-F066-4BD0-8CDA-230FC7C9E61D}.Release|Any CPU.Build.0 = Release|Any CPU
		{44840688-9CC2-41FC-B63F-D1DAB6E10F6B}.Debug|Any CPU.ActiveCfg = Debug|Any CPU
		{44840688-9CC2-41FC-B63F-D1DAB6E10F6B}.Debug|Any CPU.Build.0 = Debug|Any CPU
		{44840688-9CC2-41FC-B63F-D1DAB6E10F6B}.Release|Any CPU.ActiveCfg = Release|Any CPU
		{44840688-9CC2-41FC-B63F-D1DAB6E10F6B}.Release|Any CPU.Build.0 = Release|Any CPU
		{F18DD78F-0415-4EB5-A789-0EFE21DEFAA8}.Debug|Any CPU.ActiveCfg = Debug|Any CPU
		{F18DD78F-0415-4EB5-A789-0EFE21DEFAA8}.Debug|Any CPU.Build.0 = Debug|Any CPU
		{F18DD78F-0415-4EB5-A789-0EFE21DEFAA8}.Release|Any CPU.ActiveCfg = Release|Any CPU
		{F18DD78F-0415-4EB5-A789-0EFE21DEFAA8}.Release|Any CPU.Build.0 = Release|Any CPU
		{1F2026B3-9255-42A9-9317-9AE417527358}.Debug|Any CPU.ActiveCfg = Debug|Any CPU
		{1F2026B3-9255-42A9-9317-9AE417527358}.Debug|Any CPU.Build.0 = Debug|Any CPU
		{1F2026B3-9255-42A9-9317-9AE417527358}.Release|Any CPU.ActiveCfg = Release|Any CPU
		{1F2026B3-9255-42A9-9317-9AE417527358}.Release|Any CPU.Build.0 = Release|Any CPU
		{AA866973-8FC3-459C-A942-CF907F17621D}.Debug|Any CPU.ActiveCfg = Debug|Any CPU
		{AA866973-8FC3-459C-A942-CF907F17621D}.Debug|Any CPU.Build.0 = Debug|Any CPU
		{AA866973-8FC3-459C-A942-CF907F17621D}.Release|Any CPU.ActiveCfg = Release|Any CPU
		{AA866973-8FC3-459C-A942-CF907F17621D}.Release|Any CPU.Build.0 = Release|Any CPU
		{6BD4E385-5593-44E6-BB8F-76038E021CEA}.Debug|Any CPU.ActiveCfg = Debug|Any CPU
		{6BD4E385-5593-44E6-BB8F-76038E021CEA}.Debug|Any CPU.Build.0 = Debug|Any CPU
		{6BD4E385-5593-44E6-BB8F-76038E021CEA}.Release|Any CPU.ActiveCfg = Release|Any CPU
		{6BD4E385-5593-44E6-BB8F-76038E021CEA}.Release|Any CPU.Build.0 = Release|Any CPU
		{A3485A2B-B778-4459-B1BA-F59704BB0A7D}.Debug|Any CPU.ActiveCfg = Debug|Any CPU
		{A3485A2B-B778-4459-B1BA-F59704BB0A7D}.Debug|Any CPU.Build.0 = Debug|Any CPU
		{A3485A2B-B778-4459-B1BA-F59704BB0A7D}.Release|Any CPU.ActiveCfg = Release|Any CPU
		{A3485A2B-B778-4459-B1BA-F59704BB0A7D}.Release|Any CPU.Build.0 = Release|Any CPU
		{D840AB39-736C-439B-B2B5-AAB69B40D068}.Debug|Any CPU.ActiveCfg = Debug|Any CPU
		{D840AB39-736C-439B-B2B5-AAB69B40D068}.Debug|Any CPU.Build.0 = Debug|Any CPU
		{D840AB39-736C-439B-B2B5-AAB69B40D068}.Release|Any CPU.ActiveCfg = Release|Any CPU
		{D840AB39-736C-439B-B2B5-AAB69B40D068}.Release|Any CPU.Build.0 = Release|Any CPU
		{C79B7B6F-9984-43F5-BACB-CFFB98E188D5}.Debug|Any CPU.ActiveCfg = Debug|Any CPU
		{C79B7B6F-9984-43F5-BACB-CFFB98E188D5}.Debug|Any CPU.Build.0 = Debug|Any CPU
		{C79B7B6F-9984-43F5-BACB-CFFB98E188D5}.Release|Any CPU.ActiveCfg = Release|Any CPU
		{C79B7B6F-9984-43F5-BACB-CFFB98E188D5}.Release|Any CPU.Build.0 = Release|Any CPU
		{2F270806-E5B8-486C-9396-5D41ACDD513D}.Debug|Any CPU.ActiveCfg = Debug|Any CPU
		{2F270806-E5B8-486C-9396-5D41ACDD513D}.Debug|Any CPU.Build.0 = Debug|Any CPU
		{2F270806-E5B8-486C-9396-5D41ACDD513D}.Release|Any CPU.ActiveCfg = Release|Any CPU
		{2F270806-E5B8-486C-9396-5D41ACDD513D}.Release|Any CPU.Build.0 = Release|Any CPU
		{5A976857-E4DD-4642-B0B5-1FB8B8AC15A9}.Debug|Any CPU.ActiveCfg = Debug|Any CPU
		{5A976857-E4DD-4642-B0B5-1FB8B8AC15A9}.Debug|Any CPU.Build.0 = Debug|Any CPU
		{5A976857-E4DD-4642-B0B5-1FB8B8AC15A9}.Release|Any CPU.ActiveCfg = Release|Any CPU
		{5A976857-E4DD-4642-B0B5-1FB8B8AC15A9}.Release|Any CPU.Build.0 = Release|Any CPU
		{59F78719-73AD-423D-9579-D972C9C63D6F}.Debug|Any CPU.ActiveCfg = Debug|Any CPU
		{59F78719-73AD-423D-9579-D972C9C63D6F}.Debug|Any CPU.Build.0 = Debug|Any CPU
		{59F78719-73AD-423D-9579-D972C9C63D6F}.Release|Any CPU.ActiveCfg = Release|Any CPU
		{59F78719-73AD-423D-9579-D972C9C63D6F}.Release|Any CPU.Build.0 = Release|Any CPU
		{EC76DA80-F99C-4B3C-86E9-AD693F0C0991}.Debug|Any CPU.ActiveCfg = Debug|Any CPU
		{EC76DA80-F99C-4B3C-86E9-AD693F0C0991}.Debug|Any CPU.Build.0 = Debug|Any CPU
		{EC76DA80-F99C-4B3C-86E9-AD693F0C0991}.Release|Any CPU.ActiveCfg = Release|Any CPU
		{EC76DA80-F99C-4B3C-86E9-AD693F0C0991}.Release|Any CPU.Build.0 = Release|Any CPU
		{650AB3EE-EFF9-41E1-AB4F-3C91B9E49C30}.Debug|Any CPU.ActiveCfg = Debug|Any CPU
		{650AB3EE-EFF9-41E1-AB4F-3C91B9E49C30}.Debug|Any CPU.Build.0 = Debug|Any CPU
		{650AB3EE-EFF9-41E1-AB4F-3C91B9E49C30}.Release|Any CPU.ActiveCfg = Release|Any CPU
		{650AB3EE-EFF9-41E1-AB4F-3C91B9E49C30}.Release|Any CPU.Build.0 = Release|Any CPU
		{75E80AE1-F7E6-47AC-BF99-18398EC859D7}.Debug|Any CPU.ActiveCfg = Debug|Any CPU
		{75E80AE1-F7E6-47AC-BF99-18398EC859D7}.Debug|Any CPU.Build.0 = Debug|Any CPU
		{75E80AE1-F7E6-47AC-BF99-18398EC859D7}.Release|Any CPU.ActiveCfg = Release|Any CPU
		{75E80AE1-F7E6-47AC-BF99-18398EC859D7}.Release|Any CPU.Build.0 = Release|Any CPU
		{8BA9AE7B-F11B-4B74-A7A8-A41AE931EBBB}.Debug|Any CPU.ActiveCfg = Debug|Any CPU
		{8BA9AE7B-F11B-4B74-A7A8-A41AE931EBBB}.Debug|Any CPU.Build.0 = Debug|Any CPU
		{8BA9AE7B-F11B-4B74-A7A8-A41AE931EBBB}.Release|Any CPU.ActiveCfg = Release|Any CPU
		{8BA9AE7B-F11B-4B74-A7A8-A41AE931EBBB}.Release|Any CPU.Build.0 = Release|Any CPU
		{D4AB357D-33D3-4351-ACD9-A7E127A87327}.Debug|Any CPU.ActiveCfg = Debug|Any CPU
		{D4AB357D-33D3-4351-ACD9-A7E127A87327}.Debug|Any CPU.Build.0 = Debug|Any CPU
		{D4AB357D-33D3-4351-ACD9-A7E127A87327}.Release|Any CPU.ActiveCfg = Release|Any CPU
		{D4AB357D-33D3-4351-ACD9-A7E127A87327}.Release|Any CPU.Build.0 = Release|Any CPU
		{8A43AEF3-E22F-4C37-91C2-16AC16BADE27}.Debug|Any CPU.ActiveCfg = Debug|Any CPU
		{8A43AEF3-E22F-4C37-91C2-16AC16BADE27}.Debug|Any CPU.Build.0 = Debug|Any CPU
		{8A43AEF3-E22F-4C37-91C2-16AC16BADE27}.Release|Any CPU.ActiveCfg = Release|Any CPU
		{8A43AEF3-E22F-4C37-91C2-16AC16BADE27}.Release|Any CPU.Build.0 = Release|Any CPU
		{2BCFF0DB-CCA2-4465-95B3-BDF6EAAD7F5F}.Debug|Any CPU.ActiveCfg = Debug|Any CPU
		{2BCFF0DB-CCA2-4465-95B3-BDF6EAAD7F5F}.Debug|Any CPU.Build.0 = Debug|Any CPU
		{2BCFF0DB-CCA2-4465-95B3-BDF6EAAD7F5F}.Release|Any CPU.ActiveCfg = Release|Any CPU
		{2BCFF0DB-CCA2-4465-95B3-BDF6EAAD7F5F}.Release|Any CPU.Build.0 = Release|Any CPU
		{4A08D87A-5D82-4FC9-B468-9379869B4ABE}.Debug|Any CPU.ActiveCfg = Debug|Any CPU
		{4A08D87A-5D82-4FC9-B468-9379869B4ABE}.Debug|Any CPU.Build.0 = Debug|Any CPU
		{4A08D87A-5D82-4FC9-B468-9379869B4ABE}.Release|Any CPU.ActiveCfg = Release|Any CPU
		{4A08D87A-5D82-4FC9-B468-9379869B4ABE}.Release|Any CPU.Build.0 = Release|Any CPU
		{F6769252-BD4C-4C15-AF70-582659664CE1}.Debug|Any CPU.ActiveCfg = Debug|Any CPU
		{F6769252-BD4C-4C15-AF70-582659664CE1}.Debug|Any CPU.Build.0 = Debug|Any CPU
		{F6769252-BD4C-4C15-AF70-582659664CE1}.Release|Any CPU.ActiveCfg = Release|Any CPU
		{F6769252-BD4C-4C15-AF70-582659664CE1}.Release|Any CPU.Build.0 = Release|Any CPU
		{EBEBA8E3-34EE-4F74-A9DB-204A3C1BA021}.Debug|Any CPU.ActiveCfg = Debug|Any CPU
		{EBEBA8E3-34EE-4F74-A9DB-204A3C1BA021}.Debug|Any CPU.Build.0 = Debug|Any CPU
		{EBEBA8E3-34EE-4F74-A9DB-204A3C1BA021}.Release|Any CPU.ActiveCfg = Release|Any CPU
		{EBEBA8E3-34EE-4F74-A9DB-204A3C1BA021}.Release|Any CPU.Build.0 = Release|Any CPU
		{B399CB9B-AD1A-405F-B794-0400C901472A}.Debug|Any CPU.ActiveCfg = Debug|Any CPU
		{B399CB9B-AD1A-405F-B794-0400C901472A}.Debug|Any CPU.Build.0 = Debug|Any CPU
		{B399CB9B-AD1A-405F-B794-0400C901472A}.Release|Any CPU.ActiveCfg = Release|Any CPU
		{B399CB9B-AD1A-405F-B794-0400C901472A}.Release|Any CPU.Build.0 = Release|Any CPU
		{4FFE0F33-F4C2-4AD1-A841-9DB74EB951D0}.Debug|Any CPU.ActiveCfg = Debug|Any CPU
		{4FFE0F33-F4C2-4AD1-A841-9DB74EB951D0}.Debug|Any CPU.Build.0 = Debug|Any CPU
		{4FFE0F33-F4C2-4AD1-A841-9DB74EB951D0}.Release|Any CPU.ActiveCfg = Release|Any CPU
		{4FFE0F33-F4C2-4AD1-A841-9DB74EB951D0}.Release|Any CPU.Build.0 = Release|Any CPU
	EndGlobalSection
	GlobalSection(SolutionProperties) = preSolution
		HideSolutionNode = FALSE
	EndGlobalSection
	GlobalSection(NestedProjects) = preSolution
		{9FC37C62-2105-4D32-9724-7323B959504B} = {AFAA0841-BD93-466F-B8F4-FB4EEC86F1FC}
		{A229F7D5-EE83-462E-8642-E9A2D5EA90FE} = {AFAA0841-BD93-466F-B8F4-FB4EEC86F1FC}
		{AEB76710-B5D3-4E82-8774-ABD072476DE4} = {1DEEB561-F31A-4E56-A2AE-1450DB3BFEA6}
		{640BDB4F-4FB8-4E23-BD65-B18EA9561ECB} = {1DEEB561-F31A-4E56-A2AE-1450DB3BFEA6}
		{2DECC8A0-98D9-4B21-91B0-D20BAA3F4439} = {1DEEB561-F31A-4E56-A2AE-1450DB3BFEA6}
		{F7A0A3E7-C2BF-4F01-979B-49B6ADB1E45D} = {E99DE7A2-6882-4906-A830-E016DED7256D}
		{C42678F8-2481-4C4F-A743-97A3965F9D91} = {E99DE7A2-6882-4906-A830-E016DED7256D}
		{6B8D499E-F066-4BD0-8CDA-230FC7C9E61D} = {E99DE7A2-6882-4906-A830-E016DED7256D}
		{44840688-9CC2-41FC-B63F-D1DAB6E10F6B} = {E99DE7A2-6882-4906-A830-E016DED7256D}
		{F18DD78F-0415-4EB5-A789-0EFE21DEFAA8} = {E99DE7A2-6882-4906-A830-E016DED7256D}
		{1F2026B3-9255-42A9-9317-9AE417527358} = {AFAA0841-BD93-466F-B8F4-FB4EEC86F1FC}
		{AA866973-8FC3-459C-A942-CF907F17621D} = {AFAA0841-BD93-466F-B8F4-FB4EEC86F1FC}
		{6BD4E385-5593-44E6-BB8F-76038E021CEA} = {AFAA0841-BD93-466F-B8F4-FB4EEC86F1FC}
		{A3485A2B-B778-4459-B1BA-F59704BB0A7D} = {AFAA0841-BD93-466F-B8F4-FB4EEC86F1FC}
		{D840AB39-736C-439B-B2B5-AAB69B40D068} = {AFAA0841-BD93-466F-B8F4-FB4EEC86F1FC}
		{C79B7B6F-9984-43F5-BACB-CFFB98E188D5} = {AFAA0841-BD93-466F-B8F4-FB4EEC86F1FC}
		{2F270806-E5B8-486C-9396-5D41ACDD513D} = {AFAA0841-BD93-466F-B8F4-FB4EEC86F1FC}
		{5A976857-E4DD-4642-B0B5-1FB8B8AC15A9} = {AFAA0841-BD93-466F-B8F4-FB4EEC86F1FC}
		{59F78719-73AD-423D-9579-D972C9C63D6F} = {F10AA149-2626-486E-85BB-9CD5365F3016}
		{EC76DA80-F99C-4B3C-86E9-AD693F0C0991} = {F10AA149-2626-486E-85BB-9CD5365F3016}
		{650AB3EE-EFF9-41E1-AB4F-3C91B9E49C30} = {F10AA149-2626-486E-85BB-9CD5365F3016}
		{75E80AE1-F7E6-47AC-BF99-18398EC859D7} = {F10AA149-2626-486E-85BB-9CD5365F3016}
		{8BA9AE7B-F11B-4B74-A7A8-A41AE931EBBB} = {E99DE7A2-6882-4906-A830-E016DED7256D}
		{D4AB357D-33D3-4351-ACD9-A7E127A87327} = {BB524C8C-1486-46D4-9D9A-C45A6AD08780}
		{8A43AEF3-E22F-4C37-91C2-16AC16BADE27} = {E99DE7A2-6882-4906-A830-E016DED7256D}
		{2BCFF0DB-CCA2-4465-95B3-BDF6EAAD7F5F} = {BB524C8C-1486-46D4-9D9A-C45A6AD08780}
		{4A08D87A-5D82-4FC9-B468-9379869B4ABE} = {1DEEB561-F31A-4E56-A2AE-1450DB3BFEA6}
		{F6769252-BD4C-4C15-AF70-582659664CE1} = {E99DE7A2-6882-4906-A830-E016DED7256D}
		{EBEBA8E3-34EE-4F74-A9DB-204A3C1BA021} = {1DEEB561-F31A-4E56-A2AE-1450DB3BFEA6}
		{B399CB9B-AD1A-405F-B794-0400C901472A} = {560263DC-FC9C-4F1F-9442-1EDA48DD061B}
		{4FFE0F33-F4C2-4AD1-A841-9DB74EB951D0} = {560263DC-FC9C-4F1F-9442-1EDA48DD061B}
	EndGlobalSection
	GlobalSection(ExtensibilityGlobals) = postSolution
		SolutionGuid = {23CD4D4B-B131-473D-9ECB-5DD96E739671}
	EndGlobalSection
EndGlobal
